
Microsoft Visual Studio Solution File, Format Version 12.00
# Visual Studio 15
VisualStudioVersion = 15.0.28307.572
MinimumVisualStudioVersion = 10.0.40219.1
Project("{8BC9CEB8-8B4A-11D0-8D11-00A0C91BC942}") = "yes_or_no", "yes_or_no\yes_or_no.vcxproj", "{84311EBC-3B20-4C48-87CF-6A15AE0F2E14}"
EndProject
Global
	GlobalSection(SolutionConfigurationPlatforms) = preSolution
		Debug|x64 = Debug|x64
		Debug|x86 = Debug|x86
		Release|x64 = Release|x64
		Release|x86 = Release|x86
	EndGlobalSection
	GlobalSection(ProjectConfigurationPlatforms) = postSolution
		{84311EBC-3B20-4C48-87CF-6A15AE0F2E14}.Debug|x64.ActiveCfg = Debug|x64
		{84311EBC-3B20-4C48-87CF-6A15AE0F2E14}.Debug|x64.Build.0 = Debug|x64
		{84311EBC-3B20-4C48-87CF-6A15AE0F2E14}.Debug|x86.ActiveCfg = Debug|Win32
		{84311EBC-3B20-4C48-87CF-6A15AE0F2E14}.Debug|x86.Build.0 = Debug|Win32
		{84311EBC-3B20-4C48-87CF-6A15AE0F2E14}.Release|x64.ActiveCfg = Release|x64
		{84311EBC-3B20-4C48-87CF-6A15AE0F2E14}.Release|x64.Build.0 = Release|x64
		{84311EBC-3B20-4C48-87CF-6A15AE0F2E14}.Release|x86.ActiveCfg = Release|Win32
		{84311EBC-3B20-4C48-87CF-6A15AE0F2E14}.Release|x86.Build.0 = Release|Win32
	EndGlobalSection
	GlobalSection(SolutionProperties) = preSolution
		HideSolutionNode = FALSE
	EndGlobalSection
	GlobalSection(ExtensibilityGlobals) = postSolution
		SolutionGuid = {71112AC0-C4F5-455B-A291-A2B726E5871C}
	EndGlobalSection
EndGlobal
