
Microsoft Visual Studio Solution File, Format Version 12.00
# Visual Studio 15
VisualStudioVersion = 15.0.28307.572
MinimumVisualStudioVersion = 10.0.40219.1
Project("{8BC9CEB8-8B4A-11D0-8D11-00A0C91BC942}") = "Pong", "Pong\Pong.vcxproj", "{0F168273-DE41-488C-B7AA-CC6EA592F78F}"
EndProject
Global
	GlobalSection(SolutionConfigurationPlatforms) = preSolution
		Debug|x64 = Debug|x64
		Debug|x86 = Debug|x86
		Release|x64 = Release|x64
		Release|x86 = Release|x86
	EndGlobalSection
	GlobalSection(ProjectConfigurationPlatforms) = postSolution
		{0F168273-DE41-488C-B7AA-CC6EA592F78F}.Debug|x64.ActiveCfg = Debug|x64
		{0F168273-DE41-488C-B7AA-CC6EA592F78F}.Debug|x64.Build.0 = Debug|x64
		{0F168273-DE41-488C-B7AA-CC6EA592F78F}.Debug|x86.ActiveCfg = Debug|Win32
		{0F168273-DE41-488C-B7AA-CC6EA592F78F}.Debug|x86.Build.0 = Debug|Win32
		{0F168273-DE41-488C-B7AA-CC6EA592F78F}.Release|x64.ActiveCfg = Release|x64
		{0F168273-DE41-488C-B7AA-CC6EA592F78F}.Release|x64.Build.0 = Release|x64
		{0F168273-DE41-488C-B7AA-CC6EA592F78F}.Release|x86.ActiveCfg = Release|Win32
		{0F168273-DE41-488C-B7AA-CC6EA592F78F}.Release|x86.Build.0 = Release|Win32
	EndGlobalSection
	GlobalSection(SolutionProperties) = preSolution
		HideSolutionNode = FALSE
	EndGlobalSection
	GlobalSection(ExtensibilityGlobals) = postSolution
		SolutionGuid = {52A88BDE-825B-4186-9015-E20580BAA52D}
	EndGlobalSection
EndGlobal
