
Microsoft Visual Studio Solution File, Format Version 12.00
# Visual Studio 15
VisualStudioVersion = 15.0.28307.572
MinimumVisualStudioVersion = 10.0.40219.1
Project("{8BC9CEB8-8B4A-11D0-8D11-00A0C91BC942}") = "pointer_to_a_pointer", "pointer_to_a_pointer\pointer_to_a_pointer.vcxproj", "{2422CCD1-B861-4999-88B8-DE3881E63C07}"
EndProject
Global
	GlobalSection(SolutionConfigurationPlatforms) = preSolution
		Debug|x64 = Debug|x64
		Debug|x86 = Debug|x86
		Release|x64 = Release|x64
		Release|x86 = Release|x86
	EndGlobalSection
	GlobalSection(ProjectConfigurationPlatforms) = postSolution
		{2422CCD1-B861-4999-88B8-DE3881E63C07}.Debug|x64.ActiveCfg = Debug|x64
		{2422CCD1-B861-4999-88B8-DE3881E63C07}.Debug|x64.Build.0 = Debug|x64
		{2422CCD1-B861-4999-88B8-DE3881E63C07}.Debug|x86.ActiveCfg = Debug|Win32
		{2422CCD1-B861-4999-88B8-DE3881E63C07}.Debug|x86.Build.0 = Debug|Win32
		{2422CCD1-B861-4999-88B8-DE3881E63C07}.Release|x64.ActiveCfg = Release|x64
		{2422CCD1-B861-4999-88B8-DE3881E63C07}.Release|x64.Build.0 = Release|x64
		{2422CCD1-B861-4999-88B8-DE3881E63C07}.Release|x86.ActiveCfg = Release|Win32
		{2422CCD1-B861-4999-88B8-DE3881E63C07}.Release|x86.Build.0 = Release|Win32
	EndGlobalSection
	GlobalSection(SolutionProperties) = preSolution
		HideSolutionNode = FALSE
	EndGlobalSection
	GlobalSection(ExtensibilityGlobals) = postSolution
		SolutionGuid = {67FC3695-E4D3-4E73-BA21-23B965877B07}
	EndGlobalSection
EndGlobal
