
Microsoft Visual Studio Solution File, Format Version 12.00
# Visual Studio 15
VisualStudioVersion = 15.0.28307.572
MinimumVisualStudioVersion = 10.0.40219.1
Project("{8BC9CEB8-8B4A-11D0-8D11-00A0C91BC942}") = "taking_damage", "taking_damage\taking_damage.vcxproj", "{9F5FF2C5-A9BE-4C51-8B32-BF1B4E622CA6}"
EndProject
Global
	GlobalSection(SolutionConfigurationPlatforms) = preSolution
		Debug|x64 = Debug|x64
		Debug|x86 = Debug|x86
		Release|x64 = Release|x64
		Release|x86 = Release|x86
	EndGlobalSection
	GlobalSection(ProjectConfigurationPlatforms) = postSolution
		{9F5FF2C5-A9BE-4C51-8B32-BF1B4E622CA6}.Debug|x64.ActiveCfg = Debug|x64
		{9F5FF2C5-A9BE-4C51-8B32-BF1B4E622CA6}.Debug|x64.Build.0 = Debug|x64
		{9F5FF2C5-A9BE-4C51-8B32-BF1B4E622CA6}.Debug|x86.ActiveCfg = Debug|Win32
		{9F5FF2C5-A9BE-4C51-8B32-BF1B4E622CA6}.Debug|x86.Build.0 = Debug|Win32
		{9F5FF2C5-A9BE-4C51-8B32-BF1B4E622CA6}.Release|x64.ActiveCfg = Release|x64
		{9F5FF2C5-A9BE-4C51-8B32-BF1B4E622CA6}.Release|x64.Build.0 = Release|x64
		{9F5FF2C5-A9BE-4C51-8B32-BF1B4E622CA6}.Release|x86.ActiveCfg = Release|Win32
		{9F5FF2C5-A9BE-4C51-8B32-BF1B4E622CA6}.Release|x86.Build.0 = Release|Win32
	EndGlobalSection
	GlobalSection(SolutionProperties) = preSolution
		HideSolutionNode = FALSE
	EndGlobalSection
	GlobalSection(ExtensibilityGlobals) = postSolution
		SolutionGuid = {F1280F8B-B924-48EA-A0B9-16E6153DE6BE}
	EndGlobalSection
EndGlobal
