
Microsoft Visual Studio Solution File, Format Version 12.00
# Visual Studio 15
VisualStudioVersion = 15.0.28307.572
MinimumVisualStudioVersion = 10.0.40219.1
Project("{8BC9CEB8-8B4A-11D0-8D11-00A0C91BC942}") = "inventory_referencer", "inventory_referencer\inventory_referencer.vcxproj", "{9FC210C9-E5BD-419C-9D55-AC798F26ECFA}"
EndProject
Global
	GlobalSection(SolutionConfigurationPlatforms) = preSolution
		Debug|x64 = Debug|x64
		Debug|x86 = Debug|x86
		Release|x64 = Release|x64
		Release|x86 = Release|x86
	EndGlobalSection
	GlobalSection(ProjectConfigurationPlatforms) = postSolution
		{9FC210C9-E5BD-419C-9D55-AC798F26ECFA}.Debug|x64.ActiveCfg = Debug|x64
		{9FC210C9-E5BD-419C-9D55-AC798F26ECFA}.Debug|x64.Build.0 = Debug|x64
		{9FC210C9-E5BD-419C-9D55-AC798F26ECFA}.Debug|x86.ActiveCfg = Debug|Win32
		{9FC210C9-E5BD-419C-9D55-AC798F26ECFA}.Debug|x86.Build.0 = Debug|Win32
		{9FC210C9-E5BD-419C-9D55-AC798F26ECFA}.Release|x64.ActiveCfg = Release|x64
		{9FC210C9-E5BD-419C-9D55-AC798F26ECFA}.Release|x64.Build.0 = Release|x64
		{9FC210C9-E5BD-419C-9D55-AC798F26ECFA}.Release|x86.ActiveCfg = Release|Win32
		{9FC210C9-E5BD-419C-9D55-AC798F26ECFA}.Release|x86.Build.0 = Release|Win32
	EndGlobalSection
	GlobalSection(SolutionProperties) = preSolution
		HideSolutionNode = FALSE
	EndGlobalSection
	GlobalSection(ExtensibilityGlobals) = postSolution
		SolutionGuid = {FA3530B7-1044-4209-8C52-4254670F7E49}
	EndGlobalSection
EndGlobal
