
Microsoft Visual Studio Solution File, Format Version 12.00
# Visual Studio 15
VisualStudioVersion = 15.0.28307.572
MinimumVisualStudioVersion = 10.0.40219.1
Project("{8BC9CEB8-8B4A-11D0-8D11-00A0C91BC942}") = "game_lobby", "game_lobby.vcxproj", "{F0192CCC-EBE6-46C9-8006-D8267C0942AE}"
EndProject
Global
	GlobalSection(SolutionConfigurationPlatforms) = preSolution
		Debug|x64 = Debug|x64
		Debug|x86 = Debug|x86
		Release|x64 = Release|x64
		Release|x86 = Release|x86
	EndGlobalSection
	GlobalSection(ProjectConfigurationPlatforms) = postSolution
		{F0192CCC-EBE6-46C9-8006-D8267C0942AE}.Debug|x64.ActiveCfg = Debug|x64
		{F0192CCC-EBE6-46C9-8006-D8267C0942AE}.Debug|x64.Build.0 = Debug|x64
		{F0192CCC-EBE6-46C9-8006-D8267C0942AE}.Debug|x86.ActiveCfg = Debug|Win32
		{F0192CCC-EBE6-46C9-8006-D8267C0942AE}.Debug|x86.Build.0 = Debug|Win32
		{F0192CCC-EBE6-46C9-8006-D8267C0942AE}.Release|x64.ActiveCfg = Release|x64
		{F0192CCC-EBE6-46C9-8006-D8267C0942AE}.Release|x64.Build.0 = Release|x64
		{F0192CCC-EBE6-46C9-8006-D8267C0942AE}.Release|x86.ActiveCfg = Release|Win32
		{F0192CCC-EBE6-46C9-8006-D8267C0942AE}.Release|x86.Build.0 = Release|Win32
	EndGlobalSection
	GlobalSection(SolutionProperties) = preSolution
		HideSolutionNode = FALSE
	EndGlobalSection
	GlobalSection(ExtensibilityGlobals) = postSolution
		SolutionGuid = {639CD246-735D-4B44-B565-3D4883C991EE}
	EndGlobalSection
EndGlobal
